
Microsoft Visual Studio Solution File, Format Version 12.00
# Visual Studio Version 17
VisualStudioVersion = 17.8.34309.116
MinimumVisualStudioVersion = 10.0.40219.1
Project("{9A19103F-16F7-4668-BE54-9A1E7A4F7556}") = "IEnumerable", "IEnumerable\IEnumerable.csproj", "{AAA41AD4-5357-42A7-941B-93B6BBDBBB07}"
EndProject
Project("{FAE04EC0-301F-11D3-BF4B-00C04F79EFBC}") = "WhereLINQ", "WhereLINQ\WhereLINQ.csproj", "{DD1D243B-D897-42BC-A1E1-227D09DE8613}"
EndProject
Global
	GlobalSection(SolutionConfigurationPlatforms) = preSolution
		Debug|Any CPU = Debug|Any CPU
		Release|Any CPU = Release|Any CPU
	EndGlobalSection
	GlobalSection(ProjectConfigurationPlatforms) = postSolution
		{AAA41AD4-5357-42A7-941B-93B6BBDBBB07}.Debug|Any CPU.ActiveCfg = Debug|Any CPU
		{AAA41AD4-5357-42A7-941B-93B6BBDBBB07}.Debug|Any CPU.Build.0 = Debug|Any CPU
		{AAA41AD4-5357-42A7-941B-93B6BBDBBB07}.Release|Any CPU.ActiveCfg = Release|Any CPU
		{AAA41AD4-5357-42A7-941B-93B6BBDBBB07}.Release|Any CPU.Build.0 = Release|Any CPU
		{DD1D243B-D897-42BC-A1E1-227D09DE8613}.Debug|Any CPU.ActiveCfg = Debug|Any CPU
		{DD1D243B-D897-42BC-A1E1-227D09DE8613}.Debug|Any CPU.Build.0 = Debug|Any CPU
		{DD1D243B-D897-42BC-A1E1-227D09DE8613}.Release|Any CPU.ActiveCfg = Release|Any CPU
		{DD1D243B-D897-42BC-A1E1-227D09DE8613}.Release|Any CPU.Build.0 = Release|Any CPU
	EndGlobalSection
	GlobalSection(SolutionProperties) = preSolution
		HideSolutionNode = FALSE
	EndGlobalSection
	GlobalSection(ExtensibilityGlobals) = postSolution
		SolutionGuid = {48F4802C-F345-4211-B58F-7CF5C844545D}
	EndGlobalSection
EndGlobal
