
Microsoft Visual Studio Solution File, Format Version 12.00
# Visual Studio Version 17
VisualStudioVersion = 17.8.34309.116
MinimumVisualStudioVersion = 10.0.40219.1
Project("{9A19103F-16F7-4668-BE54-9A1E7A4F7556}") = "IEnumerable", "IEnumerable\IEnumerable.csproj", "{AAA41AD4-5357-42A7-941B-93B6BBDBBB07}"
EndProject
Project("{9A19103F-16F7-4668-BE54-9A1E7A4F7556}") = "WhereLINQ", "WhereLINQ\WhereLINQ.csproj", "{DD1D243B-D897-42BC-A1E1-227D09DE8613}"
EndProject
Project("{9A19103F-16F7-4668-BE54-9A1E7A4F7556}") = "DeferredAndImmediateExecution", "DeferredAndImmediateExecution\DeferredAndImmediateExecution.csproj", "{65F2D3EB-D4D5-4777-9640-7FCCDE77AE71}"
EndProject
Project("{9A19103F-16F7-4668-BE54-9A1E7A4F7556}") = "TypeOfFilter", "TypeOfFilter\TypeOfFilter.csproj", "{45DC5822-8343-411C-8D77-8863EE5E64D5}"
EndProject
Project("{9A19103F-16F7-4668-BE54-9A1E7A4F7556}") = "MVCSee", "MVCSee\MVCSee.csproj", "{CD81B0AC-090E-431F-B0C4-34FCF36B066D}"
EndProject
Project("{9A19103F-16F7-4668-BE54-9A1E7A4F7556}") = "SortingFilter", "SortingFilter\SortingFilter.csproj", "{B821EF9B-4AA1-4E05-8FC6-663A0874EF06}"
EndProject
Project("{9A19103F-16F7-4668-BE54-9A1E7A4F7556}") = "HeartTalk", "HeartTalk\HeartTalk.csproj", "{68F0EBF8-0ECF-420D-A197-EC785E307C5A}"
EndProject
Project("{FAE04EC0-301F-11D3-BF4B-00C04F79EFBC}") = "TagHelperRazor", "TagHelperRazor\TagHelperRazor.csproj", "{1DA27B38-D3B0-422B-A079-921833D4E10D}"
EndProject
Global
	GlobalSection(SolutionConfigurationPlatforms) = preSolution
		Debug|Any CPU = Debug|Any CPU
		Release|Any CPU = Release|Any CPU
	EndGlobalSection
	GlobalSection(ProjectConfigurationPlatforms) = postSolution
		{AAA41AD4-5357-42A7-941B-93B6BBDBBB07}.Debug|Any CPU.ActiveCfg = Debug|Any CPU
		{AAA41AD4-5357-42A7-941B-93B6BBDBBB07}.Debug|Any CPU.Build.0 = Debug|Any CPU
		{AAA41AD4-5357-42A7-941B-93B6BBDBBB07}.Release|Any CPU.ActiveCfg = Release|Any CPU
		{AAA41AD4-5357-42A7-941B-93B6BBDBBB07}.Release|Any CPU.Build.0 = Release|Any CPU
		{DD1D243B-D897-42BC-A1E1-227D09DE8613}.Debug|Any CPU.ActiveCfg = Debug|Any CPU
		{DD1D243B-D897-42BC-A1E1-227D09DE8613}.Debug|Any CPU.Build.0 = Debug|Any CPU
		{DD1D243B-D897-42BC-A1E1-227D09DE8613}.Release|Any CPU.ActiveCfg = Release|Any CPU
		{DD1D243B-D897-42BC-A1E1-227D09DE8613}.Release|Any CPU.Build.0 = Release|Any CPU
		{65F2D3EB-D4D5-4777-9640-7FCCDE77AE71}.Debug|Any CPU.ActiveCfg = Debug|Any CPU
		{65F2D3EB-D4D5-4777-9640-7FCCDE77AE71}.Debug|Any CPU.Build.0 = Debug|Any CPU
		{65F2D3EB-D4D5-4777-9640-7FCCDE77AE71}.Release|Any CPU.ActiveCfg = Release|Any CPU
		{65F2D3EB-D4D5-4777-9640-7FCCDE77AE71}.Release|Any CPU.Build.0 = Release|Any CPU
		{45DC5822-8343-411C-8D77-8863EE5E64D5}.Debug|Any CPU.ActiveCfg = Debug|Any CPU
		{45DC5822-8343-411C-8D77-8863EE5E64D5}.Debug|Any CPU.Build.0 = Debug|Any CPU
		{45DC5822-8343-411C-8D77-8863EE5E64D5}.Release|Any CPU.ActiveCfg = Release|Any CPU
		{45DC5822-8343-411C-8D77-8863EE5E64D5}.Release|Any CPU.Build.0 = Release|Any CPU
		{CD81B0AC-090E-431F-B0C4-34FCF36B066D}.Debug|Any CPU.ActiveCfg = Debug|Any CPU
		{CD81B0AC-090E-431F-B0C4-34FCF36B066D}.Debug|Any CPU.Build.0 = Debug|Any CPU
		{CD81B0AC-090E-431F-B0C4-34FCF36B066D}.Release|Any CPU.ActiveCfg = Release|Any CPU
		{CD81B0AC-090E-431F-B0C4-34FCF36B066D}.Release|Any CPU.Build.0 = Release|Any CPU
		{B821EF9B-4AA1-4E05-8FC6-663A0874EF06}.Debug|Any CPU.ActiveCfg = Debug|Any CPU
		{B821EF9B-4AA1-4E05-8FC6-663A0874EF06}.Debug|Any CPU.Build.0 = Debug|Any CPU
		{B821EF9B-4AA1-4E05-8FC6-663A0874EF06}.Release|Any CPU.ActiveCfg = Release|Any CPU
		{B821EF9B-4AA1-4E05-8FC6-663A0874EF06}.Release|Any CPU.Build.0 = Release|Any CPU
		{68F0EBF8-0ECF-420D-A197-EC785E307C5A}.Debug|Any CPU.ActiveCfg = Debug|Any CPU
		{68F0EBF8-0ECF-420D-A197-EC785E307C5A}.Debug|Any CPU.Build.0 = Debug|Any CPU
		{68F0EBF8-0ECF-420D-A197-EC785E307C5A}.Release|Any CPU.ActiveCfg = Release|Any CPU
		{68F0EBF8-0ECF-420D-A197-EC785E307C5A}.Release|Any CPU.Build.0 = Release|Any CPU
		{1DA27B38-D3B0-422B-A079-921833D4E10D}.Debug|Any CPU.ActiveCfg = Debug|Any CPU
		{1DA27B38-D3B0-422B-A079-921833D4E10D}.Debug|Any CPU.Build.0 = Debug|Any CPU
		{1DA27B38-D3B0-422B-A079-921833D4E10D}.Release|Any CPU.ActiveCfg = Release|Any CPU
		{1DA27B38-D3B0-422B-A079-921833D4E10D}.Release|Any CPU.Build.0 = Release|Any CPU
	EndGlobalSection
	GlobalSection(SolutionProperties) = preSolution
		HideSolutionNode = FALSE
	EndGlobalSection
	GlobalSection(ExtensibilityGlobals) = postSolution
		SolutionGuid = {48F4802C-F345-4211-B58F-7CF5C844545D}
	EndGlobalSection
EndGlobal
